
Microsoft Visual Studio Solution File, Format Version 12.00
# Visual Studio Version 16
VisualStudioVersion = 16.0.30804.86
MinimumVisualStudioVersion = 10.0.40219.1
Project("{9A19103F-16F7-4668-BE54-9A1E7A4F7556}") = "eNatureBeauty.WebAPI", "eNatureBeauty.WebAPI\eNatureBeauty.WebAPI.csproj", "{2C131834-35C9-4F45-AFDB-8A2F95896861}"
EndProject
Project("{9A19103F-16F7-4668-BE54-9A1E7A4F7556}") = "eNatureBeauty.Model", "eNatureBeauty.Model\eNatureBeauty.Model.csproj", "{2DD37D86-277A-406A-9F45-3593CF11E909}"
EndProject
Project("{2150E333-8FDC-42A3-9474-1A3956D46DE8}") = "UI", "UI", "{9949A88C-B2B7-4721-8635-E9710EE1DFDA}"
EndProject
Project("{FAE04EC0-301F-11D3-BF4B-00C04F79EFBC}") = "eNatureBeauty.WinUI", "eNatureBeauty.WinUI\eNatureBeauty.WinUI.csproj", "{0E50AAE9-BB2D-412B-B615-BB25610CDA36}"
	ProjectSection(ProjectDependencies) = postProject
		{2DD37D86-277A-406A-9F45-3593CF11E909} = {2DD37D86-277A-406A-9F45-3593CF11E909}
	EndProjectSection
EndProject
Project("{2150E333-8FDC-42A3-9474-1A3956D46DE8}") = "ProjectImages", "ProjectImages", "{6EB6DB93-35EF-4706-94E9-F62E5E65AFC1}"
	ProjectSection(SolutionItems) = preProject
		..\..\noDataFound.png = ..\..\noDataFound.png
	EndProjectSection
EndProject
Project("{FAE04EC0-301F-11D3-BF4B-00C04F79EFBC}") = "eNatureBeauty.Mobile.UWP", "eNatureBeauty.Mobile\eNatureBeauty.Mobile.UWP\eNatureBeauty.Mobile.UWP.csproj", "{A60DF111-4A45-4D37-B5C8-D99460F112D3}"
EndProject
Project("{FAE04EC0-301F-11D3-BF4B-00C04F79EFBC}") = "eNatureBeauty.Mobile.Android", "eNatureBeauty.Mobile\eNatureBeauty.Mobile.Android\eNatureBeauty.Mobile.Android.csproj", "{A770093E-05F9-4D5F-8008-A09C8E70CDF8}"
EndProject
Project("{FAE04EC0-301F-11D3-BF4B-00C04F79EFBC}") = "eNatureBeauty.Mobile.iOS", "eNatureBeauty.Mobile\eNatureBeauty.Mobile.iOS\eNatureBeauty.Mobile.iOS.csproj", "{2A6B0380-B8F6-4FC5-9837-F5C17189DF5C}"
EndProject
Project("{9A19103F-16F7-4668-BE54-9A1E7A4F7556}") = "eNatureBeauty.Mobile", "eNatureBeauty.Mobile\eNatureBeauty.Mobile\eNatureBeauty.Mobile.csproj", "{5E15106D-8DBD-4718-8A2D-9CD414F2B119}"
EndProject
Project("{FAE04EC0-301F-11D3-BF4B-00C04F79EFBC}") = "eNatureBeauty.APITests", "eNatureBeauty.APITests\eNatureBeauty.APITests.csproj", "{A5947AF4-2E8B-433F-8956-28A09759F89A}"
EndProject
Global
	GlobalSection(SolutionConfigurationPlatforms) = preSolution
		Debug|Any CPU = Debug|Any CPU
		Debug|ARM = Debug|ARM
		Debug|ARM64 = Debug|ARM64
		Debug|iPhone = Debug|iPhone
		Debug|iPhoneSimulator = Debug|iPhoneSimulator
		Debug|x64 = Debug|x64
		Debug|x86 = Debug|x86
		Release|Any CPU = Release|Any CPU
		Release|ARM = Release|ARM
		Release|ARM64 = Release|ARM64
		Release|iPhone = Release|iPhone
		Release|iPhoneSimulator = Release|iPhoneSimulator
		Release|x64 = Release|x64
		Release|x86 = Release|x86
	EndGlobalSection
	GlobalSection(ProjectConfigurationPlatforms) = postSolution
		{2C131834-35C9-4F45-AFDB-8A2F95896861}.Debug|Any CPU.ActiveCfg = Debug|Any CPU
		{2C131834-35C9-4F45-AFDB-8A2F95896861}.Debug|Any CPU.Build.0 = Debug|Any CPU
		{2C131834-35C9-4F45-AFDB-8A2F95896861}.Debug|ARM.ActiveCfg = Debug|Any CPU
		{2C131834-35C9-4F45-AFDB-8A2F95896861}.Debug|ARM.Build.0 = Debug|Any CPU
		{2C131834-35C9-4F45-AFDB-8A2F95896861}.Debug|ARM64.ActiveCfg = Debug|Any CPU
		{2C131834-35C9-4F45-AFDB-8A2F95896861}.Debug|ARM64.Build.0 = Debug|Any CPU
		{2C131834-35C9-4F45-AFDB-8A2F95896861}.Debug|iPhone.ActiveCfg = Debug|Any CPU
		{2C131834-35C9-4F45-AFDB-8A2F95896861}.Debug|iPhone.Build.0 = Debug|Any CPU
		{2C131834-35C9-4F45-AFDB-8A2F95896861}.Debug|iPhoneSimulator.ActiveCfg = Debug|Any CPU
		{2C131834-35C9-4F45-AFDB-8A2F95896861}.Debug|iPhoneSimulator.Build.0 = Debug|Any CPU
		{2C131834-35C9-4F45-AFDB-8A2F95896861}.Debug|x64.ActiveCfg = Debug|Any CPU
		{2C131834-35C9-4F45-AFDB-8A2F95896861}.Debug|x64.Build.0 = Debug|Any CPU
		{2C131834-35C9-4F45-AFDB-8A2F95896861}.Debug|x86.ActiveCfg = Debug|Any CPU
		{2C131834-35C9-4F45-AFDB-8A2F95896861}.Debug|x86.Build.0 = Debug|Any CPU
		{2C131834-35C9-4F45-AFDB-8A2F95896861}.Release|Any CPU.ActiveCfg = Release|Any CPU
		{2C131834-35C9-4F45-AFDB-8A2F95896861}.Release|Any CPU.Build.0 = Release|Any CPU
		{2C131834-35C9-4F45-AFDB-8A2F95896861}.Release|ARM.ActiveCfg = Release|Any CPU
		{2C131834-35C9-4F45-AFDB-8A2F95896861}.Release|ARM.Build.0 = Release|Any CPU
		{2C131834-35C9-4F45-AFDB-8A2F95896861}.Release|ARM64.ActiveCfg = Release|Any CPU
		{2C131834-35C9-4F45-AFDB-8A2F95896861}.Release|ARM64.Build.0 = Release|Any CPU
		{2C131834-35C9-4F45-AFDB-8A2F95896861}.Release|iPhone.ActiveCfg = Release|Any CPU
		{2C131834-35C9-4F45-AFDB-8A2F95896861}.Release|iPhone.Build.0 = Release|Any CPU
		{2C131834-35C9-4F45-AFDB-8A2F95896861}.Release|iPhoneSimulator.ActiveCfg = Release|Any CPU
		{2C131834-35C9-4F45-AFDB-8A2F95896861}.Release|iPhoneSimulator.Build.0 = Release|Any CPU
		{2C131834-35C9-4F45-AFDB-8A2F95896861}.Release|x64.ActiveCfg = Release|Any CPU
		{2C131834-35C9-4F45-AFDB-8A2F95896861}.Release|x64.Build.0 = Release|Any CPU
		{2C131834-35C9-4F45-AFDB-8A2F95896861}.Release|x86.ActiveCfg = Release|Any CPU
		{2C131834-35C9-4F45-AFDB-8A2F95896861}.Release|x86.Build.0 = Release|Any CPU
		{2DD37D86-277A-406A-9F45-3593CF11E909}.Debug|Any CPU.ActiveCfg = Debug|Any CPU
		{2DD37D86-277A-406A-9F45-3593CF11E909}.Debug|Any CPU.Build.0 = Debug|Any CPU
		{2DD37D86-277A-406A-9F45-3593CF11E909}.Debug|ARM.ActiveCfg = Debug|Any CPU
		{2DD37D86-277A-406A-9F45-3593CF11E909}.Debug|ARM.Build.0 = Debug|Any CPU
		{2DD37D86-277A-406A-9F45-3593CF11E909}.Debug|ARM64.ActiveCfg = Debug|Any CPU
		{2DD37D86-277A-406A-9F45-3593CF11E909}.Debug|ARM64.Build.0 = Debug|Any CPU
		{2DD37D86-277A-406A-9F45-3593CF11E909}.Debug|iPhone.ActiveCfg = Debug|Any CPU
		{2DD37D86-277A-406A-9F45-3593CF11E909}.Debug|iPhone.Build.0 = Debug|Any CPU
		{2DD37D86-277A-406A-9F45-3593CF11E909}.Debug|iPhoneSimulator.ActiveCfg = Debug|Any CPU
		{2DD37D86-277A-406A-9F45-3593CF11E909}.Debug|iPhoneSimulator.Build.0 = Debug|Any CPU
		{2DD37D86-277A-406A-9F45-3593CF11E909}.Debug|x64.ActiveCfg = Debug|Any CPU
		{2DD37D86-277A-406A-9F45-3593CF11E909}.Debug|x64.Build.0 = Debug|Any CPU
		{2DD37D86-277A-406A-9F45-3593CF11E909}.Debug|x86.ActiveCfg = Debug|Any CPU
		{2DD37D86-277A-406A-9F45-3593CF11E909}.Debug|x86.Build.0 = Debug|Any CPU
		{2DD37D86-277A-406A-9F45-3593CF11E909}.Release|Any CPU.ActiveCfg = Release|Any CPU
		{2DD37D86-277A-406A-9F45-3593CF11E909}.Release|Any CPU.Build.0 = Release|Any CPU
		{2DD37D86-277A-406A-9F45-3593CF11E909}.Release|ARM.ActiveCfg = Release|Any CPU
		{2DD37D86-277A-406A-9F45-3593CF11E909}.Release|ARM.Build.0 = Release|Any CPU
		{2DD37D86-277A-406A-9F45-3593CF11E909}.Release|ARM64.ActiveCfg = Release|Any CPU
		{2DD37D86-277A-406A-9F45-3593CF11E909}.Release|ARM64.Build.0 = Release|Any CPU
		{2DD37D86-277A-406A-9F45-3593CF11E909}.Release|iPhone.ActiveCfg = Release|Any CPU
		{2DD37D86-277A-406A-9F45-3593CF11E909}.Release|iPhone.Build.0 = Release|Any CPU
		{2DD37D86-277A-406A-9F45-3593CF11E909}.Release|iPhoneSimulator.ActiveCfg = Release|Any CPU
		{2DD37D86-277A-406A-9F45-3593CF11E909}.Release|iPhoneSimulator.Build.0 = Release|Any CPU
		{2DD37D86-277A-406A-9F45-3593CF11E909}.Release|x64.ActiveCfg = Release|Any CPU
		{2DD37D86-277A-406A-9F45-3593CF11E909}.Release|x64.Build.0 = Release|Any CPU
		{2DD37D86-277A-406A-9F45-3593CF11E909}.Release|x86.ActiveCfg = Release|Any CPU
		{2DD37D86-277A-406A-9F45-3593CF11E909}.Release|x86.Build.0 = Release|Any CPU
		{0E50AAE9-BB2D-412B-B615-BB25610CDA36}.Debug|Any CPU.ActiveCfg = Debug|Any CPU
		{0E50AAE9-BB2D-412B-B615-BB25610CDA36}.Debug|Any CPU.Build.0 = Debug|Any CPU
		{0E50AAE9-BB2D-412B-B615-BB25610CDA36}.Debug|ARM.ActiveCfg = Debug|Any CPU
		{0E50AAE9-BB2D-412B-B615-BB25610CDA36}.Debug|ARM.Build.0 = Debug|Any CPU
		{0E50AAE9-BB2D-412B-B615-BB25610CDA36}.Debug|ARM64.ActiveCfg = Debug|Any CPU
		{0E50AAE9-BB2D-412B-B615-BB25610CDA36}.Debug|ARM64.Build.0 = Debug|Any CPU
		{0E50AAE9-BB2D-412B-B615-BB25610CDA36}.Debug|iPhone.ActiveCfg = Debug|Any CPU
		{0E50AAE9-BB2D-412B-B615-BB25610CDA36}.Debug|iPhone.Build.0 = Debug|Any CPU
		{0E50AAE9-BB2D-412B-B615-BB25610CDA36}.Debug|iPhoneSimulator.ActiveCfg = Debug|Any CPU
		{0E50AAE9-BB2D-412B-B615-BB25610CDA36}.Debug|iPhoneSimulator.Build.0 = Debug|Any CPU
		{0E50AAE9-BB2D-412B-B615-BB25610CDA36}.Debug|x64.ActiveCfg = Debug|Any CPU
		{0E50AAE9-BB2D-412B-B615-BB25610CDA36}.Debug|x64.Build.0 = Debug|Any CPU
		{0E50AAE9-BB2D-412B-B615-BB25610CDA36}.Debug|x86.ActiveCfg = Debug|Any CPU
		{0E50AAE9-BB2D-412B-B615-BB25610CDA36}.Debug|x86.Build.0 = Debug|Any CPU
		{0E50AAE9-BB2D-412B-B615-BB25610CDA36}.Release|Any CPU.ActiveCfg = Release|Any CPU
		{0E50AAE9-BB2D-412B-B615-BB25610CDA36}.Release|Any CPU.Build.0 = Release|Any CPU
		{0E50AAE9-BB2D-412B-B615-BB25610CDA36}.Release|ARM.ActiveCfg = Release|Any CPU
		{0E50AAE9-BB2D-412B-B615-BB25610CDA36}.Release|ARM.Build.0 = Release|Any CPU
		{0E50AAE9-BB2D-412B-B615-BB25610CDA36}.Release|ARM64.ActiveCfg = Release|Any CPU
		{0E50AAE9-BB2D-412B-B615-BB25610CDA36}.Release|ARM64.Build.0 = Release|Any CPU
		{0E50AAE9-BB2D-412B-B615-BB25610CDA36}.Release|iPhone.ActiveCfg = Release|Any CPU
		{0E50AAE9-BB2D-412B-B615-BB25610CDA36}.Release|iPhone.Build.0 = Release|Any CPU
		{0E50AAE9-BB2D-412B-B615-BB25610CDA36}.Release|iPhoneSimulator.ActiveCfg = Release|Any CPU
		{0E50AAE9-BB2D-412B-B615-BB25610CDA36}.Release|iPhoneSimulator.Build.0 = Release|Any CPU
		{0E50AAE9-BB2D-412B-B615-BB25610CDA36}.Release|x64.ActiveCfg = Release|Any CPU
		{0E50AAE9-BB2D-412B-B615-BB25610CDA36}.Release|x64.Build.0 = Release|Any CPU
		{0E50AAE9-BB2D-412B-B615-BB25610CDA36}.Release|x86.ActiveCfg = Release|Any CPU
		{0E50AAE9-BB2D-412B-B615-BB25610CDA36}.Release|x86.Build.0 = Release|Any CPU
		{A60DF111-4A45-4D37-B5C8-D99460F112D3}.Debug|Any CPU.ActiveCfg = Debug|x86
		{A60DF111-4A45-4D37-B5C8-D99460F112D3}.Debug|Any CPU.Deploy.0 = Debug|x86
		{A60DF111-4A45-4D37-B5C8-D99460F112D3}.Debug|ARM.ActiveCfg = Debug|ARM
		{A60DF111-4A45-4D37-B5C8-D99460F112D3}.Debug|ARM.Build.0 = Debug|ARM
		{A60DF111-4A45-4D37-B5C8-D99460F112D3}.Debug|ARM.Deploy.0 = Debug|ARM
		{A60DF111-4A45-4D37-B5C8-D99460F112D3}.Debug|ARM64.ActiveCfg = Debug|x86
		{A60DF111-4A45-4D37-B5C8-D99460F112D3}.Debug|iPhone.ActiveCfg = Debug|x86
		{A60DF111-4A45-4D37-B5C8-D99460F112D3}.Debug|iPhoneSimulator.ActiveCfg = Debug|x86
		{A60DF111-4A45-4D37-B5C8-D99460F112D3}.Debug|x64.ActiveCfg = Debug|x64
		{A60DF111-4A45-4D37-B5C8-D99460F112D3}.Debug|x64.Build.0 = Debug|x64
		{A60DF111-4A45-4D37-B5C8-D99460F112D3}.Debug|x64.Deploy.0 = Debug|x64
		{A60DF111-4A45-4D37-B5C8-D99460F112D3}.Debug|x86.ActiveCfg = Debug|x86
		{A60DF111-4A45-4D37-B5C8-D99460F112D3}.Debug|x86.Build.0 = Debug|x86
		{A60DF111-4A45-4D37-B5C8-D99460F112D3}.Debug|x86.Deploy.0 = Debug|x86
		{A60DF111-4A45-4D37-B5C8-D99460F112D3}.Release|Any CPU.ActiveCfg = Release|x86
		{A60DF111-4A45-4D37-B5C8-D99460F112D3}.Release|ARM.ActiveCfg = Release|ARM
		{A60DF111-4A45-4D37-B5C8-D99460F112D3}.Release|ARM.Build.0 = Release|ARM
		{A60DF111-4A45-4D37-B5C8-D99460F112D3}.Release|ARM.Deploy.0 = Release|ARM
		{A60DF111-4A45-4D37-B5C8-D99460F112D3}.Release|ARM64.ActiveCfg = Release|x86
		{A60DF111-4A45-4D37-B5C8-D99460F112D3}.Release|iPhone.ActiveCfg = Release|x86
		{A60DF111-4A45-4D37-B5C8-D99460F112D3}.Release|iPhoneSimulator.ActiveCfg = Release|x86
		{A60DF111-4A45-4D37-B5C8-D99460F112D3}.Release|x64.ActiveCfg = Release|x64
		{A60DF111-4A45-4D37-B5C8-D99460F112D3}.Release|x64.Build.0 = Release|x64
		{A60DF111-4A45-4D37-B5C8-D99460F112D3}.Release|x64.Deploy.0 = Release|x64
		{A60DF111-4A45-4D37-B5C8-D99460F112D3}.Release|x86.ActiveCfg = Release|x86
		{A60DF111-4A45-4D37-B5C8-D99460F112D3}.Release|x86.Build.0 = Release|x86
		{A60DF111-4A45-4D37-B5C8-D99460F112D3}.Release|x86.Deploy.0 = Release|x86
		{A770093E-05F9-4D5F-8008-A09C8E70CDF8}.Debug|Any CPU.ActiveCfg = Debug|Any CPU
		{A770093E-05F9-4D5F-8008-A09C8E70CDF8}.Debug|Any CPU.Build.0 = Debug|Any CPU
		{A770093E-05F9-4D5F-8008-A09C8E70CDF8}.Debug|Any CPU.Deploy.0 = Debug|Any CPU
		{A770093E-05F9-4D5F-8008-A09C8E70CDF8}.Debug|ARM.ActiveCfg = Debug|Any CPU
		{A770093E-05F9-4D5F-8008-A09C8E70CDF8}.Debug|ARM.Build.0 = Debug|Any CPU
		{A770093E-05F9-4D5F-8008-A09C8E70CDF8}.Debug|ARM.Deploy.0 = Debug|Any CPU
		{A770093E-05F9-4D5F-8008-A09C8E70CDF8}.Debug|ARM64.ActiveCfg = Debug|Any CPU
		{A770093E-05F9-4D5F-8008-A09C8E70CDF8}.Debug|ARM64.Build.0 = Debug|Any CPU
		{A770093E-05F9-4D5F-8008-A09C8E70CDF8}.Debug|ARM64.Deploy.0 = Debug|Any CPU
		{A770093E-05F9-4D5F-8008-A09C8E70CDF8}.Debug|iPhone.ActiveCfg = Debug|Any CPU
		{A770093E-05F9-4D5F-8008-A09C8E70CDF8}.Debug|iPhone.Build.0 = Debug|Any CPU
		{A770093E-05F9-4D5F-8008-A09C8E70CDF8}.Debug|iPhone.Deploy.0 = Debug|Any CPU
		{A770093E-05F9-4D5F-8008-A09C8E70CDF8}.Debug|iPhoneSimulator.ActiveCfg = Debug|Any CPU
		{A770093E-05F9-4D5F-8008-A09C8E70CDF8}.Debug|iPhoneSimulator.Build.0 = Debug|Any CPU
		{A770093E-05F9-4D5F-8008-A09C8E70CDF8}.Debug|iPhoneSimulator.Deploy.0 = Debug|Any CPU
		{A770093E-05F9-4D5F-8008-A09C8E70CDF8}.Debug|x64.ActiveCfg = Debug|Any CPU
		{A770093E-05F9-4D5F-8008-A09C8E70CDF8}.Debug|x64.Build.0 = Debug|Any CPU
		{A770093E-05F9-4D5F-8008-A09C8E70CDF8}.Debug|x64.Deploy.0 = Debug|Any CPU
		{A770093E-05F9-4D5F-8008-A09C8E70CDF8}.Debug|x86.ActiveCfg = Debug|Any CPU
		{A770093E-05F9-4D5F-8008-A09C8E70CDF8}.Debug|x86.Build.0 = Debug|Any CPU
		{A770093E-05F9-4D5F-8008-A09C8E70CDF8}.Debug|x86.Deploy.0 = Debug|Any CPU
		{A770093E-05F9-4D5F-8008-A09C8E70CDF8}.Release|Any CPU.ActiveCfg = Release|Any CPU
		{A770093E-05F9-4D5F-8008-A09C8E70CDF8}.Release|Any CPU.Build.0 = Release|Any CPU
		{A770093E-05F9-4D5F-8008-A09C8E70CDF8}.Release|Any CPU.Deploy.0 = Release|Any CPU
		{A770093E-05F9-4D5F-8008-A09C8E70CDF8}.Release|ARM.ActiveCfg = Release|Any CPU
		{A770093E-05F9-4D5F-8008-A09C8E70CDF8}.Release|ARM.Build.0 = Release|Any CPU
		{A770093E-05F9-4D5F-8008-A09C8E70CDF8}.Release|ARM.Deploy.0 = Release|Any CPU
		{A770093E-05F9-4D5F-8008-A09C8E70CDF8}.Release|ARM64.ActiveCfg = Release|Any CPU
		{A770093E-05F9-4D5F-8008-A09C8E70CDF8}.Release|ARM64.Build.0 = Release|Any CPU
		{A770093E-05F9-4D5F-8008-A09C8E70CDF8}.Release|ARM64.Deploy.0 = Release|Any CPU
		{A770093E-05F9-4D5F-8008-A09C8E70CDF8}.Release|iPhone.ActiveCfg = Release|Any CPU
		{A770093E-05F9-4D5F-8008-A09C8E70CDF8}.Release|iPhone.Build.0 = Release|Any CPU
		{A770093E-05F9-4D5F-8008-A09C8E70CDF8}.Release|iPhone.Deploy.0 = Release|Any CPU
		{A770093E-05F9-4D5F-8008-A09C8E70CDF8}.Release|iPhoneSimulator.ActiveCfg = Release|Any CPU
		{A770093E-05F9-4D5F-8008-A09C8E70CDF8}.Release|iPhoneSimulator.Build.0 = Release|Any CPU
		{A770093E-05F9-4D5F-8008-A09C8E70CDF8}.Release|iPhoneSimulator.Deploy.0 = Release|Any CPU
		{A770093E-05F9-4D5F-8008-A09C8E70CDF8}.Release|x64.ActiveCfg = Release|Any CPU
		{A770093E-05F9-4D5F-8008-A09C8E70CDF8}.Release|x64.Build.0 = Release|Any CPU
		{A770093E-05F9-4D5F-8008-A09C8E70CDF8}.Release|x64.Deploy.0 = Release|Any CPU
		{A770093E-05F9-4D5F-8008-A09C8E70CDF8}.Release|x86.ActiveCfg = Release|Any CPU
		{A770093E-05F9-4D5F-8008-A09C8E70CDF8}.Release|x86.Build.0 = Release|Any CPU
		{A770093E-05F9-4D5F-8008-A09C8E70CDF8}.Release|x86.Deploy.0 = Release|Any CPU
		{2A6B0380-B8F6-4FC5-9837-F5C17189DF5C}.Debug|Any CPU.ActiveCfg = Debug|iPhoneSimulator
		{2A6B0380-B8F6-4FC5-9837-F5C17189DF5C}.Debug|ARM.ActiveCfg = Debug|iPhoneSimulator
		{2A6B0380-B8F6-4FC5-9837-F5C17189DF5C}.Debug|ARM64.ActiveCfg = Debug|iPhoneSimulator
		{2A6B0380-B8F6-4FC5-9837-F5C17189DF5C}.Debug|iPhone.ActiveCfg = Debug|iPhone
		{2A6B0380-B8F6-4FC5-9837-F5C17189DF5C}.Debug|iPhone.Build.0 = Debug|iPhone
		{2A6B0380-B8F6-4FC5-9837-F5C17189DF5C}.Debug|iPhoneSimulator.ActiveCfg = Debug|iPhoneSimulator
		{2A6B0380-B8F6-4FC5-9837-F5C17189DF5C}.Debug|iPhoneSimulator.Build.0 = Debug|iPhoneSimulator
		{2A6B0380-B8F6-4FC5-9837-F5C17189DF5C}.Debug|x64.ActiveCfg = Debug|iPhoneSimulator
		{2A6B0380-B8F6-4FC5-9837-F5C17189DF5C}.Debug|x86.ActiveCfg = Debug|iPhoneSimulator
		{2A6B0380-B8F6-4FC5-9837-F5C17189DF5C}.Release|Any CPU.ActiveCfg = Release|iPhoneSimulator
		{2A6B0380-B8F6-4FC5-9837-F5C17189DF5C}.Release|ARM.ActiveCfg = Release|iPhoneSimulator
		{2A6B0380-B8F6-4FC5-9837-F5C17189DF5C}.Release|ARM64.ActiveCfg = Release|iPhoneSimulator
		{2A6B0380-B8F6-4FC5-9837-F5C17189DF5C}.Release|iPhone.ActiveCfg = Release|iPhone
		{2A6B0380-B8F6-4FC5-9837-F5C17189DF5C}.Release|iPhone.Build.0 = Release|iPhone
		{2A6B0380-B8F6-4FC5-9837-F5C17189DF5C}.Release|iPhoneSimulator.ActiveCfg = Release|iPhoneSimulator
		{2A6B0380-B8F6-4FC5-9837-F5C17189DF5C}.Release|iPhoneSimulator.Build.0 = Release|iPhoneSimulator
		{2A6B0380-B8F6-4FC5-9837-F5C17189DF5C}.Release|x64.ActiveCfg = Release|iPhoneSimulator
		{2A6B0380-B8F6-4FC5-9837-F5C17189DF5C}.Release|x86.ActiveCfg = Release|iPhoneSimulator
		{5E15106D-8DBD-4718-8A2D-9CD414F2B119}.Debug|Any CPU.ActiveCfg = Debug|Any CPU
		{5E15106D-8DBD-4718-8A2D-9CD414F2B119}.Debug|Any CPU.Build.0 = Debug|Any CPU
		{5E15106D-8DBD-4718-8A2D-9CD414F2B119}.Debug|ARM.ActiveCfg = Debug|Any CPU
		{5E15106D-8DBD-4718-8A2D-9CD414F2B119}.Debug|ARM.Build.0 = Debug|Any CPU
		{5E15106D-8DBD-4718-8A2D-9CD414F2B119}.Debug|ARM64.ActiveCfg = Debug|Any CPU
		{5E15106D-8DBD-4718-8A2D-9CD414F2B119}.Debug|ARM64.Build.0 = Debug|Any CPU
		{5E15106D-8DBD-4718-8A2D-9CD414F2B119}.Debug|iPhone.ActiveCfg = Debug|Any CPU
		{5E15106D-8DBD-4718-8A2D-9CD414F2B119}.Debug|iPhone.Build.0 = Debug|Any CPU
		{5E15106D-8DBD-4718-8A2D-9CD414F2B119}.Debug|iPhoneSimulator.ActiveCfg = Debug|Any CPU
		{5E15106D-8DBD-4718-8A2D-9CD414F2B119}.Debug|iPhoneSimulator.Build.0 = Debug|Any CPU
		{5E15106D-8DBD-4718-8A2D-9CD414F2B119}.Debug|x64.ActiveCfg = Debug|Any CPU
		{5E15106D-8DBD-4718-8A2D-9CD414F2B119}.Debug|x64.Build.0 = Debug|Any CPU
		{5E15106D-8DBD-4718-8A2D-9CD414F2B119}.Debug|x86.ActiveCfg = Debug|Any CPU
		{5E15106D-8DBD-4718-8A2D-9CD414F2B119}.Debug|x86.Build.0 = Debug|Any CPU
		{5E15106D-8DBD-4718-8A2D-9CD414F2B119}.Release|Any CPU.ActiveCfg = Release|Any CPU
		{5E15106D-8DBD-4718-8A2D-9CD414F2B119}.Release|Any CPU.Build.0 = Release|Any CPU
		{5E15106D-8DBD-4718-8A2D-9CD414F2B119}.Release|ARM.ActiveCfg = Release|Any CPU
		{5E15106D-8DBD-4718-8A2D-9CD414F2B119}.Release|ARM.Build.0 = Release|Any CPU
		{5E15106D-8DBD-4718-8A2D-9CD414F2B119}.Release|ARM64.ActiveCfg = Release|Any CPU
		{5E15106D-8DBD-4718-8A2D-9CD414F2B119}.Release|ARM64.Build.0 = Release|Any CPU
		{5E15106D-8DBD-4718-8A2D-9CD414F2B119}.Release|iPhone.ActiveCfg = Release|Any CPU
		{5E15106D-8DBD-4718-8A2D-9CD414F2B119}.Release|iPhone.Build.0 = Release|Any CPU
		{5E15106D-8DBD-4718-8A2D-9CD414F2B119}.Release|iPhoneSimulator.ActiveCfg = Release|Any CPU
		{5E15106D-8DBD-4718-8A2D-9CD414F2B119}.Release|iPhoneSimulator.Build.0 = Release|Any CPU
		{5E15106D-8DBD-4718-8A2D-9CD414F2B119}.Release|x64.ActiveCfg = Release|Any CPU
		{5E15106D-8DBD-4718-8A2D-9CD414F2B119}.Release|x64.Build.0 = Release|Any CPU
		{5E15106D-8DBD-4718-8A2D-9CD414F2B119}.Release|x86.ActiveCfg = Release|Any CPU
		{5E15106D-8DBD-4718-8A2D-9CD414F2B119}.Release|x86.Build.0 = Release|Any CPU
		{A5947AF4-2E8B-433F-8956-28A09759F89A}.Debug|Any CPU.ActiveCfg = Debug|Any CPU
		{A5947AF4-2E8B-433F-8956-28A09759F89A}.Debug|Any CPU.Build.0 = Debug|Any CPU
		{A5947AF4-2E8B-433F-8956-28A09759F89A}.Debug|ARM.ActiveCfg = Debug|Any CPU
		{A5947AF4-2E8B-433F-8956-28A09759F89A}.Debug|ARM.Build.0 = Debug|Any CPU
		{A5947AF4-2E8B-433F-8956-28A09759F89A}.Debug|ARM64.ActiveCfg = Debug|Any CPU
		{A5947AF4-2E8B-433F-8956-28A09759F89A}.Debug|ARM64.Build.0 = Debug|Any CPU
		{A5947AF4-2E8B-433F-8956-28A09759F89A}.Debug|iPhone.ActiveCfg = Debug|Any CPU
		{A5947AF4-2E8B-433F-8956-28A09759F89A}.Debug|iPhone.Build.0 = Debug|Any CPU
		{A5947AF4-2E8B-433F-8956-28A09759F89A}.Debug|iPhoneSimulator.ActiveCfg = Debug|Any CPU
		{A5947AF4-2E8B-433F-8956-28A09759F89A}.Debug|iPhoneSimulator.Build.0 = Debug|Any CPU
		{A5947AF4-2E8B-433F-8956-28A09759F89A}.Debug|x64.ActiveCfg = Debug|Any CPU
		{A5947AF4-2E8B-433F-8956-28A09759F89A}.Debug|x64.Build.0 = Debug|Any CPU
		{A5947AF4-2E8B-433F-8956-28A09759F89A}.Debug|x86.ActiveCfg = Debug|Any CPU
		{A5947AF4-2E8B-433F-8956-28A09759F89A}.Debug|x86.Build.0 = Debug|Any CPU
		{A5947AF4-2E8B-433F-8956-28A09759F89A}.Release|Any CPU.ActiveCfg = Release|Any CPU
		{A5947AF4-2E8B-433F-8956-28A09759F89A}.Release|Any CPU.Build.0 = Release|Any CPU
		{A5947AF4-2E8B-433F-8956-28A09759F89A}.Release|ARM.ActiveCfg = Release|Any CPU
		{A5947AF4-2E8B-433F-8956-28A09759F89A}.Release|ARM.Build.0 = Release|Any CPU
		{A5947AF4-2E8B-433F-8956-28A09759F89A}.Release|ARM64.ActiveCfg = Release|Any CPU
		{A5947AF4-2E8B-433F-8956-28A09759F89A}.Release|ARM64.Build.0 = Release|Any CPU
		{A5947AF4-2E8B-433F-8956-28A09759F89A}.Release|iPhone.ActiveCfg = Release|Any CPU
		{A5947AF4-2E8B-433F-8956-28A09759F89A}.Release|iPhone.Build.0 = Release|Any CPU
		{A5947AF4-2E8B-433F-8956-28A09759F89A}.Release|iPhoneSimulator.ActiveCfg = Release|Any CPU
		{A5947AF4-2E8B-433F-8956-28A09759F89A}.Release|iPhoneSimulator.Build.0 = Release|Any CPU
		{A5947AF4-2E8B-433F-8956-28A09759F89A}.Release|x64.ActiveCfg = Release|Any CPU
		{A5947AF4-2E8B-433F-8956-28A09759F89A}.Release|x64.Build.0 = Release|Any CPU
		{A5947AF4-2E8B-433F-8956-28A09759F89A}.Release|x86.ActiveCfg = Release|Any CPU
		{A5947AF4-2E8B-433F-8956-28A09759F89A}.Release|x86.Build.0 = Release|Any CPU
	EndGlobalSection
	GlobalSection(SolutionProperties) = preSolution
		HideSolutionNode = FALSE
	EndGlobalSection
	GlobalSection(NestedProjects) = preSolution
		{0E50AAE9-BB2D-412B-B615-BB25610CDA36} = {9949A88C-B2B7-4721-8635-E9710EE1DFDA}
	EndGlobalSection
	GlobalSection(ExtensibilityGlobals) = postSolution
		SolutionGuid = {27B0F431-1CE9-4D2A-BB2C-530F8C292D8F}
	EndGlobalSection
EndGlobal
